// !$*UTF8*$!
{
	archiveVersion = 1;
	classes = {
	};
	objectVersion = 48;
	objects = {

/* Begin PBXBuildFile section */
		3FD884A720B41DE5006501A1 /* CellTable.swift in Sources */ = {isa = PBXBuildFile; fileRef = 3FD884A620B41DE5006501A1 /* CellTable.swift */; };
		3FFF898720B2915400889E7E /* AppDelegate.swift in Sources */ = {isa = PBXBuildFile; fileRef = 3FFF898620B2915400889E7E /* AppDelegate.swift */; };
		3FFF898920B2915400889E7E /* ViewController.swift in Sources */ = {isa = PBXBuildFile; fileRef = 3FFF898820B2915400889E7E /* ViewController.swift */; };
		3FFF898C20B2915400889E7E /* Main.storyboard in Resources */ = {isa = PBXBuildFile; fileRef = 3FFF898A20B2915400889E7E /* Main.storyboard */; };
		3FFF898E20B2915400889E7E /* Assets.xcassets in Resources */ = {isa = PBXBuildFile; fileRef = 3FFF898D20B2915400889E7E /* Assets.xcassets */; };
		3FFF899120B2915400889E7E /* LaunchScreen.storyboard in Resources */ = {isa = PBXBuildFile; fileRef = 3FFF898F20B2915400889E7E /* LaunchScreen.storyboard */; };
		3FFF899C20B2915500889E7E /* gameTests.swift in Sources */ = {isa = PBXBuildFile; fileRef = 3FFF899B20B2915500889E7E /* gameTests.swift */; };
		3FFF89A720B2915500889E7E /* gameUITests.swift in Sources */ = {isa = PBXBuildFile; fileRef = 3FFF89A620B2915500889E7E /* gameUITests.swift */; };
		3FFF89B520B2A91000889E7E /* Gameover.swift in Sources */ = {isa = PBXBuildFile; fileRef = 3FFF89B420B2A91000889E7E /* Gameover.swift */; };
/* End PBXBuildFile section */

/* Begin PBXContainerItemProxy section */
		3FFF899820B2915500889E7E /* PBXContainerItemProxy */ = {
			isa = PBXContainerItemProxy;
			containerPortal = 3FFF897B20B2915400889E7E /* Project object */;
			proxyType = 1;
			remoteGlobalIDString = 3FFF898220B2915400889E7E;
			remoteInfo = game;
		};
		3FFF89A320B2915500889E7E /* PBXContainerItemProxy */ = {
			isa = PBXContainerItemProxy;
			containerPortal = 3FFF897B20B2915400889E7E /* Project object */;
			proxyType = 1;
			remoteGlobalIDString = 3FFF898220B2915400889E7E;
			remoteInfo = game;
		};
/* End PBXContainerItemProxy section */

/* Begin PBXFileReference section */
		3FD884A620B41DE5006501A1 /* CellTable.swift */ = {isa = PBXFileReference; lastKnownFileType = sourcecode.swift; path = CellTable.swift; sourceTree = "<group>"; };
		3FFF898320B2915400889E7E /* game.app */ = {isa = PBXFileReference; explicitFileType = wrapper.application; includeInIndex = 0; path = game.app; sourceTree = BUILT_PRODUCTS_DIR; };
		3FFF898620B2915400889E7E /* AppDelegate.swift */ = {isa = PBXFileReference; lastKnownFileType = sourcecode.swift; path = AppDelegate.swift; sourceTree = "<group>"; };
		3FFF898820B2915400889E7E /* ViewController.swift */ = {isa = PBXFileReference; lastKnownFileType = sourcecode.swift; path = ViewController.swift; sourceTree = "<group>"; };
		3FFF898B20B2915400889E7E /* Base */ = {isa = PBXFileReference; lastKnownFileType = file.storyboard; name = Base; path = Base.lproj/Main.storyboard; sourceTree = "<group>"; };
		3FFF898D20B2915400889E7E /* Assets.xcassets */ = {isa = PBXFileReference; lastKnownFileType = folder.assetcatalog; path = Assets.xcassets; sourceTree = "<group>"; };
		3FFF899020B2915400889E7E /* Base */ = {isa = PBXFileReference; lastKnownFileType = file.storyboard; name = Base; path = Base.lproj/LaunchScreen.storyboard; sourceTree = "<group>"; };
		3FFF899220B2915400889E7E /* Info.plist */ = {isa = PBXFileReference; lastKnownFileType = text.plist.xml; path = Info.plist; sourceTree = "<group>"; };
		3FFF899720B2915500889E7E /* gameTests.xctest */ = {isa = PBXFileReference; explicitFileType = wrapper.cfbundle; includeInIndex = 0; path = gameTests.xctest; sourceTree = BUILT_PRODUCTS_DIR; };
		3FFF899B20B2915500889E7E /* gameTests.swift */ = {isa = PBXFileReference; lastKnownFileType = sourcecode.swift; path = gameTests.swift; sourceTree = "<group>"; };
		3FFF899D20B2915500889E7E /* Info.plist */ = {isa = PBXFileReference; lastKnownFileType = text.plist.xml; path = Info.plist; sourceTree = "<group>"; };
		3FFF89A220B2915500889E7E /* gameUITests.xctest */ = {isa = PBXFileReference; explicitFileType = wrapper.cfbundle; includeInIndex = 0; path = gameUITests.xctest; sourceTree = BUILT_PRODUCTS_DIR; };
		3FFF89A620B2915500889E7E /* gameUITests.swift */ = {isa = PBXFileReference; lastKnownFileType = sourcecode.swift; path = gameUITests.swift; sourceTree = "<group>"; };
		3FFF89A820B2915500889E7E /* Info.plist */ = {isa = PBXFileReference; lastKnownFileType = text.plist.xml; path = Info.plist; sourceTree = "<group>"; };
		3FFF89B420B2A91000889E7E /* Gameover.swift */ = {isa = PBXFileReference; lastKnownFileType = sourcecode.swift; path = Gameover.swift; sourceTree = "<group>"; };
/* End PBXFileReference section */

/* Begin PBXFrameworksBuildPhase section */
		3FFF898020B2915400889E7E /* Frameworks */ = {
			isa = PBXFrameworksBuildPhase;
			buildActionMask = 2147483647;
			files = (
			);
			runOnlyForDeploymentPostprocessing = 0;
		};
		3FFF899420B2915500889E7E /* Frameworks */ = {
			isa = PBXFrameworksBuildPhase;
			buildActionMask = 2147483647;
			files = (
			);
			runOnlyForDeploymentPostprocessing = 0;
		};
		3FFF899F20B2915500889E7E /* Frameworks */ = {
			isa = PBXFrameworksBuildPhase;
			buildActionMask = 2147483647;
			files = (
			);
			runOnlyForDeploymentPostprocessing = 0;
		};
/* End PBXFrameworksBuildPhase section */

/* Begin PBXGroup section */
		3FFF897A20B2915400889E7E = {
			isa = PBXGroup;
			children = (
				3FFF898520B2915400889E7E /* game */,
				3FFF899A20B2915500889E7E /* gameTests */,
				3FFF89A520B2915500889E7E /* gameUITests */,
				3FFF898420B2915400889E7E /* Products */,
			);
			sourceTree = "<group>";
		};
		3FFF898420B2915400889E7E /* Products */ = {
			isa = PBXGroup;
			children = (
				3FFF898320B2915400889E7E /* game.app */,
				3FFF899720B2915500889E7E /* gameTests.xctest */,
				3FFF89A220B2915500889E7E /* gameUITests.xctest */,
			);
			name = Products;
			sourceTree = "<group>";
		};
		3FFF898520B2915400889E7E /* game */ = {
			isa = PBXGroup;
			children = (
				3FFF898620B2915400889E7E /* AppDelegate.swift */,
				3FFF898820B2915400889E7E /* ViewController.swift */,
				3FD884A620B41DE5006501A1 /* CellTable.swift */,
				3FFF898A20B2915400889E7E /* Main.storyboard */,
				3FFF89B420B2A91000889E7E /* Gameover.swift */,
				3FFF898D20B2915400889E7E /* Assets.xcassets */,
				3FFF898F20B2915400889E7E /* LaunchScreen.storyboard */,
				3FFF899220B2915400889E7E /* Info.plist */,
			);
			path = game;
			sourceTree = "<group>";
		};
		3FFF899A20B2915500889E7E /* gameTests */ = {
			isa = PBXGroup;
			children = (
				3FFF899B20B2915500889E7E /* gameTests.swift */,
				3FFF899D20B2915500889E7E /* Info.plist */,
			);
			path = gameTests;
			sourceTree = "<group>";
		};
		3FFF89A520B2915500889E7E /* gameUITests */ = {
			isa = PBXGroup;
			children = (
				3FFF89A620B2915500889E7E /* gameUITests.swift */,
				3FFF89A820B2915500889E7E /* Info.plist */,
			);
			path = gameUITests;
			sourceTree = "<group>";
		};
/* End PBXGroup section */

/* Begin PBXNativeTarget section */
		3FFF898220B2915400889E7E /* game */ = {
			isa = PBXNativeTarget;
			buildConfigurationList = 3FFF89AB20B2915500889E7E /* Build configuration list for PBXNativeTarget "game" */;
			buildPhases = (
				3FFF897F20B2915400889E7E /* Sources */,
				3FFF898020B2915400889E7E /* Frameworks */,
				3FFF898120B2915400889E7E /* Resources */,
			);
			buildRules = (
			);
			dependencies = (
			);
			name = game;
			productName = game;
			productReference = 3FFF898320B2915400889E7E /* game.app */;
			productType = "com.apple.product-type.application";
		};
		3FFF899620B2915500889E7E /* gameTests */ = {
			isa = PBXNativeTarget;
			buildConfigurationList = 3FFF89AE20B2915500889E7E /* Build configuration list for PBXNativeTarget "gameTests" */;
			buildPhases = (
				3FFF899320B2915500889E7E /* Sources */,
				3FFF899420B2915500889E7E /* Frameworks */,
				3FFF899520B2915500889E7E /* Resources */,
			);
			buildRules = (
			);
			dependencies = (
				3FFF899920B2915500889E7E /* PBXTargetDependency */,
			);
			name = gameTests;
			productName = gameTests;
			productReference = 3FFF899720B2915500889E7E /* gameTests.xctest */;
			productType = "com.apple.product-type.bundle.unit-test";
		};
		3FFF89A120B2915500889E7E /* gameUITests */ = {
			isa = PBXNativeTarget;
			buildConfigurationList = 3FFF89B120B2915500889E7E /* Build configuration list for PBXNativeTarget "gameUITests" */;
			buildPhases = (
				3FFF899E20B2915500889E7E /* Sources */,
				3FFF899F20B2915500889E7E /* Frameworks */,
				3FFF89A020B2915500889E7E /* Resources */,
			);
			buildRules = (
			);
			dependencies = (
				3FFF89A420B2915500889E7E /* PBXTargetDependency */,
			);
			name = gameUITests;
			productName = gameUITests;
			productReference = 3FFF89A220B2915500889E7E /* gameUITests.xctest */;
			productType = "com.apple.product-type.bundle.ui-testing";
		};
/* End PBXNativeTarget section */

/* Begin PBXProject section */
		3FFF897B20B2915400889E7E /* Project object */ = {
			isa = PBXProject;
			attributes = {
				LastSwiftUpdateCheck = 0910;
				LastUpgradeCheck = 0910;
				ORGANIZATIONNAME = Student;
				TargetAttributes = {
					3FFF898220B2915400889E7E = {
						CreatedOnToolsVersion = 9.1;
						ProvisioningStyle = Automatic;
					};
					3FFF899620B2915500889E7E = {
						CreatedOnToolsVersion = 9.1;
						ProvisioningStyle = Automatic;
						TestTargetID = 3FFF898220B2915400889E7E;
					};
					3FFF89A120B2915500889E7E = {
						CreatedOnToolsVersion = 9.1;
						ProvisioningStyle = Automatic;
						TestTargetID = 3FFF898220B2915400889E7E;
					};
				};
			};
			buildConfigurationList = 3FFF897E20B2915400889E7E /* Build configuration list for PBXProject "game" */;
			compatibilityVersion = "Xcode 8.0";
			developmentRegion = en;
			hasScannedForEncodings = 0;
			knownRegions = (
				en,
				Base,
			);
			mainGroup = 3FFF897A20B2915400889E7E;
			productRefGroup = 3FFF898420B2915400889E7E /* Products */;
			projectDirPath = "";
			projectRoot = "";
			targets = (
				3FFF898220B2915400889E7E /* game */,
				3FFF899620B2915500889E7E /* gameTests */,
				3FFF89A120B2915500889E7E /* gameUITests */,
			);
		};
/* End PBXProject section */

/* Begin PBXResourcesBuildPhase section */
		3FFF898120B2915400889E7E /* Resources */ = {
			isa = PBXResourcesBuildPhase;
			buildActionMask = 2147483647;
			files = (
				3FFF899120B2915400889E7E /* LaunchScreen.storyboard in Resources */,
				3FFF898E20B2915400889E7E /* Assets.xcassets in Resources */,
				3FFF898C20B2915400889E7E /* Main.storyboard in Resources */,
			);
			runOnlyForDeploymentPostprocessing = 0;
		};
		3FFF899520B2915500889E7E /* Resources */ = {
			isa = PBXResourcesBuildPhase;
			buildActionMask = 2147483647;
			files = (
			);
			runOnlyForDeploymentPostprocessing = 0;
		};
		3FFF89A020B2915500889E7E /* Resources */ = {
			isa = PBXResourcesBuildPhase;
			buildActionMask = 2147483647;
			files = (
			);
			runOnlyForDeploymentPostprocessing = 0;
		};
/* End PBXResourcesBuildPhase section */

/* Begin PBXSourcesBuildPhase section */
		3FFF897F20B2915400889E7E /* Sources */ = {
			isa = PBXSourcesBuildPhase;
			buildActionMask = 2147483647;
			files = (
				3FD884A720B41DE5006501A1 /* CellTable.swift in Sources */,
				3FFF898920B2915400889E7E /* ViewController.swift in Sources */,
				3FFF898720B2915400889E7E /* AppDelegate.swift in Sources */,
				3FFF89B520B2A91000889E7E /* Gameover.swift in Sources */,
			);
			runOnlyForDeploymentPostprocessing = 0;
		};
		3FFF899320B2915500889E7E /* Sources */ = {
			isa = PBXSourcesBuildPhase;
			buildActionMask = 2147483647;
			files = (
				3FFF899C20B2915500889E7E /* gameTests.swift in Sources */,
			);
			runOnlyForDeploymentPostprocessing = 0;
		};
		3FFF899E20B2915500889E7E /* Sources */ = {
			isa = PBXSourcesBuildPhase;
			buildActionMask = 2147483647;
			files = (
				3FFF89A720B2915500889E7E /* gameUITests.swift in Sources */,
			);
			runOnlyForDeploymentPostprocessing = 0;
		};
/* End PBXSourcesBuildPhase section */

/* Begin PBXTargetDependency section */
		3FFF899920B2915500889E7E /* PBXTargetDependency */ = {
			isa = PBXTargetDependency;
			target = 3FFF898220B2915400889E7E /* game */;
			targetProxy = 3FFF899820B2915500889E7E /* PBXContainerItemProxy */;
		};
		3FFF89A420B2915500889E7E /* PBXTargetDependency */ = {
			isa = PBXTargetDependency;
			target = 3FFF898220B2915400889E7E /* game */;
			targetProxy = 3FFF89A320B2915500889E7E /* PBXContainerItemProxy */;
		};
/* End PBXTargetDependency section */

/* Begin PBXVariantGroup section */
		3FFF898A20B2915400889E7E /* Main.storyboard */ = {
			isa = PBXVariantGroup;
			children = (
				3FFF898B20B2915400889E7E /* Base */,
			);
			name = Main.storyboard;
			sourceTree = "<group>";
		};
		3FFF898F20B2915400889E7E /* LaunchScreen.storyboard */ = {
			isa = PBXVariantGroup;
			children = (
				3FFF899020B2915400889E7E /* Base */,
			);
			name = LaunchScreen.storyboard;
			sourceTree = "<group>";
		};
/* End PBXVariantGroup section */

/* Begin XCBuildConfiguration section */
		3FFF89A920B2915500889E7E /* Debug */ = {
			isa = XCBuildConfiguration;
			buildSettings = {
				ALWAYS_SEARCH_USER_PATHS = NO;
				CLANG_ANALYZER_NONNULL = YES;
				CLANG_ANALYZER_NUMBER_OBJECT_CONVERSION = YES_AGGRESSIVE;
				CLANG_CXX_LANGUAGE_STANDARD = "gnu++14";
				CLANG_CXX_LIBRARY = "libc++";
				CLANG_ENABLE_MODULES = YES;
				CLANG_ENABLE_OBJC_ARC = YES;
				CLANG_WARN_BLOCK_CAPTURE_AUTORELEASING = YES;
				CLANG_WARN_BOOL_CONVERSION = YES;
				CLANG_WARN_COMMA = YES;
				CLANG_WARN_CONSTANT_CONVERSION = YES;
				CLANG_WARN_DIRECT_OBJC_ISA_USAGE = YES_ERROR;
				CLANG_WARN_DOCUMENTATION_COMMENTS = YES;
				CLANG_WARN_EMPTY_BODY = YES;
				CLANG_WARN_ENUM_CONVERSION = YES;
				CLANG_WARN_INFINITE_RECURSION = YES;
				CLANG_WARN_INT_CONVERSION = YES;
				CLANG_WARN_NON_LITERAL_NULL_CONVERSION = YES;
				CLANG_WARN_OBJC_LITERAL_CONVERSION = YES;
				CLANG_WARN_OBJC_ROOT_CLASS = YES_ERROR;
				CLANG_WARN_RANGE_LOOP_ANALYSIS = YES;
				CLANG_WARN_STRICT_PROTOTYPES = YES;
				CLANG_WARN_SUSPICIOUS_MOVE = YES;
				CLANG_WARN_UNGUARDED_AVAILABILITY = YES_AGGRESSIVE;
				CLANG_WARN_UNREACHABLE_CODE = YES;
				CLANG_WARN__DUPLICATE_METHOD_MATCH = YES;
				CODE_SIGN_IDENTITY = "iPhone Developer";
				COPY_PHASE_STRIP = NO;
				DEBUG_INFORMATION_FORMAT = dwarf;
				ENABLE_STRICT_OBJC_MSGSEND = YES;
				ENABLE_TESTABILITY = YES;
				GCC_C_LANGUAGE_STANDARD = gnu11;
				GCC_DYNAMIC_NO_PIC = NO;
				GCC_NO_COMMON_BLOCKS = YES;
				GCC_OPTIMIZATION_LEVEL = 0;
				GCC_PREPROCESSOR_DEFINITIONS = (
					"DEBUG=1",
					"$(inherited)",
				);
				GCC_WARN_64_TO_32_BIT_CONVERSION = YES;
				GCC_WARN_ABOUT_RETURN_TYPE = YES_ERROR;
				GCC_WARN_UNDECLARED_SELECTOR = YES;
				GCC_WARN_UNINITIALIZED_AUTOS = YES_AGGRESSIVE;
				GCC_WARN_UNUSED_FUNCTION = YES;
				GCC_WARN_UNUSED_VARIABLE = YES;
				IPHONEOS_DEPLOYMENT_TARGET = 11.1;
				MTL_ENABLE_DEBUG_INFO = YES;
				ONLY_ACTIVE_ARCH = YES;
				SDKROOT = iphoneos;
				SWIFT_ACTIVE_COMPILATION_CONDITIONS = DEBUG;
				SWIFT_OPTIMIZATION_LEVEL = "-Onone";
			};
			name = Debug;
		};
		3FFF89AA20B2915500889E7E /* Release */ = {
			isa = XCBuildConfiguration;
			buildSettings = {
				ALWAYS_SEARCH_USER_PATHS = NO;
				CLANG_ANALYZER_NONNULL = YES;
				CLANG_ANALYZER_NUMBER_OBJECT_CONVERSION = YES_AGGRESSIVE;
				CLANG_CXX_LANGUAGE_STANDARD = "gnu++14";
				CLANG_CXX_LIBRARY = "libc++";
				CLANG_ENABLE_MODULES = YES;
				CLANG_ENABLE_OBJC_ARC = YES;
				CLANG_WARN_BLOCK_CAPTURE_AUTORELEASING = YES;
				CLANG_WARN_BOOL_CONVERSION = YES;
				CLANG_WARN_COMMA = YES;
				CLANG_WARN_CONSTANT_CONVERSION = YES;
				CLANG_WARN_DIRECT_OBJC_ISA_USAGE = YES_ERROR;
				CLANG_WARN_DOCUMENTATION_COMMENTS = YES;
				CLANG_WARN_EMPTY_BODY = YES;
				CLANG_WARN_ENUM_CONVERSION = YES;
				CLANG_WARN_INFINITE_RECURSION = YES;
				CLANG_WARN_INT_CONVERSION = YES;
				CLANG_WARN_NON_LITERAL_NULL_CONVERSION = YES;
				CLANG_WARN_OBJC_LITERAL_CONVERSION = YES;
				CLANG_WARN_OBJC_ROOT_CLASS = YES_ERROR;
				CLANG_WARN_RANGE_LOOP_ANALYSIS = YES;
				CLANG_WARN_STRICT_PROTOTYPES = YES;
				CLANG_WARN_SUSPICIOUS_MOVE = YES;
				CLANG_WARN_UNGUARDED_AVAILABILITY = YES_AGGRESSIVE;
				CLANG_WARN_UNREACHABLE_CODE = YES;
				CLANG_WARN__DUPLICATE_METHOD_MATCH = YES;
				CODE_SIGN_IDENTITY = "iPhone Developer";
				COPY_PHASE_STRIP = NO;
				DEBUG_INFORMATION_FORMAT = "dwarf-with-dsym";
				ENABLE_NS_ASSERTIONS = NO;
				ENABLE_STRICT_OBJC_MSGSEND = YES;
				GCC_C_LANGUAGE_STANDARD = gnu11;
				GCC_NO_COMMON_BLOCKS = YES;
				GCC_WARN_64_TO_32_BIT_CONVERSION = YES;
				GCC_WARN_ABOUT_RETURN_TYPE = YES_ERROR;
				GCC_WARN_UNDECLARED_SELECTOR = YES;
				GCC_WARN_UNINITIALIZED_AUTOS = YES_AGGRESSIVE;
				GCC_WARN_UNUSED_FUNCTION = YES;
				GCC_WARN_UNUSED_VARIABLE = YES;
				IPHONEOS_DEPLOYMENT_TARGET = 11.1;
				MTL_ENABLE_DEBUG_INFO = NO;
				SDKROOT = iphoneos;
				SWIFT_OPTIMIZATION_LEVEL = "-Owholemodule";
				VALIDATE_PRODUCT = YES;
			};
			name = Release;
		};
		3FFF89AC20B2915500889E7E /* Debug */ = {
			isa = XCBuildConfiguration;
			buildSettings = {
				ASSETCATALOG_COMPILER_APPICON_NAME = AppIcon;
				CODE_SIGN_STYLE = Automatic;
				INFOPLIST_FILE = game/Info.plist;
				LD_RUNPATH_SEARCH_PATHS = "$(inherited) @executable_path/Frameworks";
				PRODUCT_BUNDLE_IDENTIFIER = game.game;
				PRODUCT_NAME = "$(TARGET_NAME)";
				SWIFT_VERSION = 4.0;
				TARGETED_DEVICE_FAMILY = "1,2";
			};
			name = Debug;
		};
		3FFF89AD20B2915500889E7E /* Release */ = {
			isa = XCBuildConfiguration;
			buildSettings = {
				ASSETCATALOG_COMPILER_APPICON_NAME = AppIcon;
				CODE_SIGN_STYLE = Automatic;
				INFOPLIST_FILE = game/Info.plist;
				LD_RUNPATH_SEARCH_PATHS = "$(inherited) @executable_path/Frameworks";
				PRODUCT_BUNDLE_IDENTIFIER = game.game;
				PRODUCT_NAME = "$(TARGET_NAME)";
				SWIFT_VERSION = 4.0;
				TARGETED_DEVICE_FAMILY = "1,2";
			};
			name = Release;
		};
		3FFF89AF20B2915500889E7E /* Debug */ = {
			isa = XCBuildConfiguration;
			buildSettings = {
				ALWAYS_EMBED_SWIFT_STANDARD_LIBRARIES = YES;
				BUNDLE_LOADER = "$(TEST_HOST)";
				CODE_SIGN_STYLE = Automatic;
				INFOPLIST_FILE = gameTests/Info.plist;
				LD_RUNPATH_SEARCH_PATHS = "$(inherited) @executable_path/Frameworks @loader_path/Frameworks";
				PRODUCT_BUNDLE_IDENTIFIER = game.gameTests;
				PRODUCT_NAME = "$(TARGET_NAME)";
				SWIFT_VERSION = 4.0;
				TARGETED_DEVICE_FAMILY = "1,2";
				TEST_HOST = "$(BUILT_PRODUCTS_DIR)/game.app/game";
			};
			name = Debug;
		};
		3FFF89B020B2915500889E7E /* Release */ = {
			isa = XCBuildConfiguration;
			buildSettings = {
				ALWAYS_EMBED_SWIFT_STANDARD_LIBRARIES = YES;
				BUNDLE_LOADER = "$(TEST_HOST)";
				CODE_SIGN_STYLE = Automatic;
				INFOPLIST_FILE = gameTests/Info.plist;
				LD_RUNPATH_SEARCH_PATHS = "$(inherited) @executable_path/Frameworks @loader_path/Frameworks";
				PRODUCT_BUNDLE_IDENTIFIER = game.gameTests;
				PRODUCT_NAME = "$(TARGET_NAME)";
				SWIFT_VERSION = 4.0;
				TARGETED_DEVICE_FAMILY = "1,2";
				TEST_HOST = "$(BUILT_PRODUCTS_DIR)/game.app/game";
			};
			name = Release;
		};
		3FFF89B220B2915500889E7E /* Debug */ = {
			isa = XCBuildConfiguration;
			buildSettings = {
				ALWAYS_EMBED_SWIFT_STANDARD_LIBRARIES = YES;
				CODE_SIGN_STYLE = Automatic;
				INFOPLIST_FILE = gameUITests/Info.plist;
				LD_RUNPATH_SEARCH_PATHS = "$(inherited) @executable_path/Frameworks @loader_path/Frameworks";
				PRODUCT_BUNDLE_IDENTIFIER = game.gameUITests;
				PRODUCT_NAME = "$(TARGET_NAME)";
				SWIFT_VERSION = 4.0;
				TARGETED_DEVICE_FAMILY = "1,2";
				TEST_TARGET_NAME = game;
			};
			name = Debug;
		};
		3FFF89B320B2915500889E7E /* Release */ = {
			isa = XCBuildConfiguration;
			buildSettings = {
				ALWAYS_EMBED_SWIFT_STANDARD_LIBRARIES = YES;
				CODE_SIGN_STYLE = Automatic;
				INFOPLIST_FILE = gameUITests/Info.plist;
				LD_RUNPATH_SEARCH_PATHS = "$(inherited) @executable_path/Frameworks @loader_path/Frameworks";
				PRODUCT_BUNDLE_IDENTIFIER = game.gameUITests;
				PRODUCT_NAME = "$(TARGET_NAME)";
				SWIFT_VERSION = 4.0;
				TARGETED_DEVICE_FAMILY = "1,2";
				TEST_TARGET_NAME = game;
			};
			name = Release;
		};
/* End XCBuildConfiguration section */

/* Begin XCConfigurationList section */
		3FFF897E20B2915400889E7E /* Build configuration list for PBXProject "game" */ = {
			isa = XCConfigurationList;
			buildConfigurations = (
				3FFF89A920B2915500889E7E /* Debug */,
				3FFF89AA20B2915500889E7E /* Release */,
			);
			defaultConfigurationIsVisible = 0;
			defaultConfigurationName = Release;
		};
		3FFF89AB20B2915500889E7E /* Build configuration list for PBXNativeTarget "game" */ = {
			isa = XCConfigurationList;
			buildConfigurations = (
				3FFF89AC20B2915500889E7E /* Debug */,
				3FFF89AD20B2915500889E7E /* Release */,
			);
			defaultConfigurationIsVisible = 0;
			defaultConfigurationName = Release;
		};
		3FFF89AE20B2915500889E7E /* Build configuration list for PBXNativeTarget "gameTests" */ = {
			isa = XCConfigurationList;
			buildConfigurations = (
				3FFF89AF20B2915500889E7E /* Debug */,
				3FFF89B020B2915500889E7E /* Release */,
			);
			defaultConfigurationIsVisible = 0;
			defaultConfigurationName = Release;
		};
		3FFF89B120B2915500889E7E /* Build configuration list for PBXNativeTarget "gameUITests" */ = {
			isa = XCConfigurationList;
			buildConfigurations = (
				3FFF89B220B2915500889E7E /* Debug */,
				3FFF89B320B2915500889E7E /* Release */,
			);
			defaultConfigurationIsVisible = 0;
			defaultConfigurationName = Release;
		};
/* End XCConfigurationList section */
	};
	rootObject = 3FFF897B20B2915400889E7E /* Project object */;
}
