// !$*UTF8*$!
{
	archiveVersion = 1;
	classes = {
	};
	objectVersion = 50;
	objects = {

/* Begin PBXBuildFile section */
		3F7B9F2A20B6861B0080D4C8 /* AppDelegate.swift in Sources */ = {isa = PBXBuildFile; fileRef = 3F7B9F2920B6861B0080D4C8 /* AppDelegate.swift */; };
		3F7B9F2C20B6861B0080D4C8 /* ViewController.swift in Sources */ = {isa = PBXBuildFile; fileRef = 3F7B9F2B20B6861B0080D4C8 /* ViewController.swift */; };
		3F7B9F2F20B6861B0080D4C8 /* Main.storyboard in Resources */ = {isa = PBXBuildFile; fileRef = 3F7B9F2D20B6861B0080D4C8 /* Main.storyboard */; };
		3F7B9F3120B6861C0080D4C8 /* Assets.xcassets in Resources */ = {isa = PBXBuildFile; fileRef = 3F7B9F3020B6861C0080D4C8 /* Assets.xcassets */; };
		3F7B9F3420B6861C0080D4C8 /* LaunchScreen.storyboard in Resources */ = {isa = PBXBuildFile; fileRef = 3F7B9F3220B6861C0080D4C8 /* LaunchScreen.storyboard */; };
		3F7B9F3F20B6861D0080D4C8 /* project1Tests.swift in Sources */ = {isa = PBXBuildFile; fileRef = 3F7B9F3E20B6861D0080D4C8 /* project1Tests.swift */; };
		3F7B9F4A20B6861D0080D4C8 /* project1UITests.swift in Sources */ = {isa = PBXBuildFile; fileRef = 3F7B9F4920B6861D0080D4C8 /* project1UITests.swift */; };
		3F7B9F5820B6A09C0080D4C8 /* View2Controller.swift in Sources */ = {isa = PBXBuildFile; fileRef = 3F7B9F5720B6A09C0080D4C8 /* View2Controller.swift */; };
		3F7B9F5A20B6AB600080D4C8 /* MovieCell.swift in Sources */ = {isa = PBXBuildFile; fileRef = 3F7B9F5920B6AB600080D4C8 /* MovieCell.swift */; };
		3F7B9F5C20B6ABCE0080D4C8 /* MovieModel.swift in Sources */ = {isa = PBXBuildFile; fileRef = 3F7B9F5B20B6ABCE0080D4C8 /* MovieModel.swift */; };
/* End PBXBuildFile section */

/* Begin PBXContainerItemProxy section */
		3F7B9F3B20B6861D0080D4C8 /* PBXContainerItemProxy */ = {
			isa = PBXContainerItemProxy;
			containerPortal = 3F7B9F1E20B6861B0080D4C8 /* Project object */;
			proxyType = 1;
			remoteGlobalIDString = 3F7B9F2520B6861B0080D4C8;
			remoteInfo = project1;
		};
		3F7B9F4620B6861D0080D4C8 /* PBXContainerItemProxy */ = {
			isa = PBXContainerItemProxy;
			containerPortal = 3F7B9F1E20B6861B0080D4C8 /* Project object */;
			proxyType = 1;
			remoteGlobalIDString = 3F7B9F2520B6861B0080D4C8;
			remoteInfo = project1;
		};
/* End PBXContainerItemProxy section */

/* Begin PBXFileReference section */
		3F7B9F2620B6861B0080D4C8 /* project1.app */ = {isa = PBXFileReference; explicitFileType = wrapper.application; includeInIndex = 0; path = project1.app; sourceTree = BUILT_PRODUCTS_DIR; };
		3F7B9F2920B6861B0080D4C8 /* AppDelegate.swift */ = {isa = PBXFileReference; lastKnownFileType = sourcecode.swift; path = AppDelegate.swift; sourceTree = "<group>"; };
		3F7B9F2B20B6861B0080D4C8 /* ViewController.swift */ = {isa = PBXFileReference; lastKnownFileType = sourcecode.swift; path = ViewController.swift; sourceTree = "<group>"; };
		3F7B9F2E20B6861B0080D4C8 /* Base */ = {isa = PBXFileReference; lastKnownFileType = file.storyboard; name = Base; path = Base.lproj/Main.storyboard; sourceTree = "<group>"; };
		3F7B9F3020B6861C0080D4C8 /* Assets.xcassets */ = {isa = PBXFileReference; lastKnownFileType = folder.assetcatalog; path = Assets.xcassets; sourceTree = "<group>"; };
		3F7B9F3320B6861C0080D4C8 /* Base */ = {isa = PBXFileReference; lastKnownFileType = file.storyboard; name = Base; path = Base.lproj/LaunchScreen.storyboard; sourceTree = "<group>"; };
		3F7B9F3520B6861C0080D4C8 /* Info.plist */ = {isa = PBXFileReference; lastKnownFileType = text.plist.xml; path = Info.plist; sourceTree = "<group>"; };
		3F7B9F3A20B6861D0080D4C8 /* project1Tests.xctest */ = {isa = PBXFileReference; explicitFileType = wrapper.cfbundle; includeInIndex = 0; path = project1Tests.xctest; sourceTree = BUILT_PRODUCTS_DIR; };
		3F7B9F3E20B6861D0080D4C8 /* project1Tests.swift */ = {isa = PBXFileReference; lastKnownFileType = sourcecode.swift; path = project1Tests.swift; sourceTree = "<group>"; };
		3F7B9F4020B6861D0080D4C8 /* Info.plist */ = {isa = PBXFileReference; lastKnownFileType = text.plist.xml; path = Info.plist; sourceTree = "<group>"; };
		3F7B9F4520B6861D0080D4C8 /* project1UITests.xctest */ = {isa = PBXFileReference; explicitFileType = wrapper.cfbundle; includeInIndex = 0; path = project1UITests.xctest; sourceTree = BUILT_PRODUCTS_DIR; };
		3F7B9F4920B6861D0080D4C8 /* project1UITests.swift */ = {isa = PBXFileReference; lastKnownFileType = sourcecode.swift; path = project1UITests.swift; sourceTree = "<group>"; };
		3F7B9F4B20B6861D0080D4C8 /* Info.plist */ = {isa = PBXFileReference; lastKnownFileType = text.plist.xml; path = Info.plist; sourceTree = "<group>"; };
		3F7B9F5720B6A09C0080D4C8 /* View2Controller.swift */ = {isa = PBXFileReference; lastKnownFileType = sourcecode.swift; path = View2Controller.swift; sourceTree = "<group>"; };
		3F7B9F5920B6AB600080D4C8 /* MovieCell.swift */ = {isa = PBXFileReference; lastKnownFileType = sourcecode.swift; path = MovieCell.swift; sourceTree = "<group>"; };
		3F7B9F5B20B6ABCE0080D4C8 /* MovieModel.swift */ = {isa = PBXFileReference; lastKnownFileType = sourcecode.swift; path = MovieModel.swift; sourceTree = "<group>"; };
/* End PBXFileReference section */

/* Begin PBXFrameworksBuildPhase section */
		3F7B9F2320B6861B0080D4C8 /* Frameworks */ = {
			isa = PBXFrameworksBuildPhase;
			buildActionMask = 2147483647;
			files = (
			);
			runOnlyForDeploymentPostprocessing = 0;
		};
		3F7B9F3720B6861D0080D4C8 /* Frameworks */ = {
			isa = PBXFrameworksBuildPhase;
			buildActionMask = 2147483647;
			files = (
			);
			runOnlyForDeploymentPostprocessing = 0;
		};
		3F7B9F4220B6861D0080D4C8 /* Frameworks */ = {
			isa = PBXFrameworksBuildPhase;
			buildActionMask = 2147483647;
			files = (
			);
			runOnlyForDeploymentPostprocessing = 0;
		};
/* End PBXFrameworksBuildPhase section */

/* Begin PBXGroup section */
		3F7B9F1D20B6861B0080D4C8 = {
			isa = PBXGroup;
			children = (
				3F7B9F2820B6861B0080D4C8 /* project1 */,
				3F7B9F3D20B6861D0080D4C8 /* project1Tests */,
				3F7B9F4820B6861D0080D4C8 /* project1UITests */,
				3F7B9F2720B6861B0080D4C8 /* Products */,
			);
			sourceTree = "<group>";
		};
		3F7B9F2720B6861B0080D4C8 /* Products */ = {
			isa = PBXGroup;
			children = (
				3F7B9F2620B6861B0080D4C8 /* project1.app */,
				3F7B9F3A20B6861D0080D4C8 /* project1Tests.xctest */,
				3F7B9F4520B6861D0080D4C8 /* project1UITests.xctest */,
			);
			name = Products;
			sourceTree = "<group>";
		};
		3F7B9F2820B6861B0080D4C8 /* project1 */ = {
			isa = PBXGroup;
			children = (
				3F7B9F2920B6861B0080D4C8 /* AppDelegate.swift */,
				3F7B9F2B20B6861B0080D4C8 /* ViewController.swift */,
				3F7B9F2D20B6861B0080D4C8 /* Main.storyboard */,
				3F7B9F3020B6861C0080D4C8 /* Assets.xcassets */,
				3F7B9F3220B6861C0080D4C8 /* LaunchScreen.storyboard */,
				3F7B9F3520B6861C0080D4C8 /* Info.plist */,
				3F7B9F5720B6A09C0080D4C8 /* View2Controller.swift */,
				3F7B9F5920B6AB600080D4C8 /* MovieCell.swift */,
				3F7B9F5B20B6ABCE0080D4C8 /* MovieModel.swift */,
			);
			path = project1;
			sourceTree = "<group>";
		};
		3F7B9F3D20B6861D0080D4C8 /* project1Tests */ = {
			isa = PBXGroup;
			children = (
				3F7B9F3E20B6861D0080D4C8 /* project1Tests.swift */,
				3F7B9F4020B6861D0080D4C8 /* Info.plist */,
			);
			path = project1Tests;
			sourceTree = "<group>";
		};
		3F7B9F4820B6861D0080D4C8 /* project1UITests */ = {
			isa = PBXGroup;
			children = (
				3F7B9F4920B6861D0080D4C8 /* project1UITests.swift */,
				3F7B9F4B20B6861D0080D4C8 /* Info.plist */,
			);
			path = project1UITests;
			sourceTree = "<group>";
		};
/* End PBXGroup section */

/* Begin PBXNativeTarget section */
		3F7B9F2520B6861B0080D4C8 /* project1 */ = {
			isa = PBXNativeTarget;
			buildConfigurationList = 3F7B9F4E20B6861D0080D4C8 /* Build configuration list for PBXNativeTarget "project1" */;
			buildPhases = (
				3F7B9F2220B6861B0080D4C8 /* Sources */,
				3F7B9F2320B6861B0080D4C8 /* Frameworks */,
				3F7B9F2420B6861B0080D4C8 /* Resources */,
			);
			buildRules = (
			);
			dependencies = (
			);
			name = project1;
			productName = project1;
			productReference = 3F7B9F2620B6861B0080D4C8 /* project1.app */;
			productType = "com.apple.product-type.application";
		};
		3F7B9F3920B6861D0080D4C8 /* project1Tests */ = {
			isa = PBXNativeTarget;
			buildConfigurationList = 3F7B9F5120B6861D0080D4C8 /* Build configuration list for PBXNativeTarget "project1Tests" */;
			buildPhases = (
				3F7B9F3620B6861D0080D4C8 /* Sources */,
				3F7B9F3720B6861D0080D4C8 /* Frameworks */,
				3F7B9F3820B6861D0080D4C8 /* Resources */,
			);
			buildRules = (
			);
			dependencies = (
				3F7B9F3C20B6861D0080D4C8 /* PBXTargetDependency */,
			);
			name = project1Tests;
			productName = project1Tests;
			productReference = 3F7B9F3A20B6861D0080D4C8 /* project1Tests.xctest */;
			productType = "com.apple.product-type.bundle.unit-test";
		};
		3F7B9F4420B6861D0080D4C8 /* project1UITests */ = {
			isa = PBXNativeTarget;
			buildConfigurationList = 3F7B9F5420B6861D0080D4C8 /* Build configuration list for PBXNativeTarget "project1UITests" */;
			buildPhases = (
				3F7B9F4120B6861D0080D4C8 /* Sources */,
				3F7B9F4220B6861D0080D4C8 /* Frameworks */,
				3F7B9F4320B6861D0080D4C8 /* Resources */,
			);
			buildRules = (
			);
			dependencies = (
				3F7B9F4720B6861D0080D4C8 /* PBXTargetDependency */,
			);
			name = project1UITests;
			productName = project1UITests;
			productReference = 3F7B9F4520B6861D0080D4C8 /* project1UITests.xctest */;
			productType = "com.apple.product-type.bundle.ui-testing";
		};
/* End PBXNativeTarget section */

/* Begin PBXProject section */
		3F7B9F1E20B6861B0080D4C8 /* Project object */ = {
			isa = PBXProject;
			attributes = {
				LastSwiftUpdateCheck = 0930;
				LastUpgradeCheck = 0930;
				ORGANIZATIONNAME = Student;
				TargetAttributes = {
					3F7B9F2520B6861B0080D4C8 = {
						CreatedOnToolsVersion = 9.3.1;
					};
					3F7B9F3920B6861D0080D4C8 = {
						CreatedOnToolsVersion = 9.3.1;
						TestTargetID = 3F7B9F2520B6861B0080D4C8;
					};
					3F7B9F4420B6861D0080D4C8 = {
						CreatedOnToolsVersion = 9.3.1;
						TestTargetID = 3F7B9F2520B6861B0080D4C8;
					};
				};
			};
			buildConfigurationList = 3F7B9F2120B6861B0080D4C8 /* Build configuration list for PBXProject "project1" */;
			compatibilityVersion = "Xcode 9.3";
			developmentRegion = en;
			hasScannedForEncodings = 0;
			knownRegions = (
				en,
				Base,
			);
			mainGroup = 3F7B9F1D20B6861B0080D4C8;
			productRefGroup = 3F7B9F2720B6861B0080D4C8 /* Products */;
			projectDirPath = "";
			projectRoot = "";
			targets = (
				3F7B9F2520B6861B0080D4C8 /* project1 */,
				3F7B9F3920B6861D0080D4C8 /* project1Tests */,
				3F7B9F4420B6861D0080D4C8 /* project1UITests */,
			);
		};
/* End PBXProject section */

/* Begin PBXResourcesBuildPhase section */
		3F7B9F2420B6861B0080D4C8 /* Resources */ = {
			isa = PBXResourcesBuildPhase;
			buildActionMask = 2147483647;
			files = (
				3F7B9F3420B6861C0080D4C8 /* LaunchScreen.storyboard in Resources */,
				3F7B9F3120B6861C0080D4C8 /* Assets.xcassets in Resources */,
				3F7B9F2F20B6861B0080D4C8 /* Main.storyboard in Resources */,
			);
			runOnlyForDeploymentPostprocessing = 0;
		};
		3F7B9F3820B6861D0080D4C8 /* Resources */ = {
			isa = PBXResourcesBuildPhase;
			buildActionMask = 2147483647;
			files = (
			);
			runOnlyForDeploymentPostprocessing = 0;
		};
		3F7B9F4320B6861D0080D4C8 /* Resources */ = {
			isa = PBXResourcesBuildPhase;
			buildActionMask = 2147483647;
			files = (
			);
			runOnlyForDeploymentPostprocessing = 0;
		};
/* End PBXResourcesBuildPhase section */

/* Begin PBXSourcesBuildPhase section */
		3F7B9F2220B6861B0080D4C8 /* Sources */ = {
			isa = PBXSourcesBuildPhase;
			buildActionMask = 2147483647;
			files = (
				3F7B9F2C20B6861B0080D4C8 /* ViewController.swift in Sources */,
				3F7B9F5820B6A09C0080D4C8 /* View2Controller.swift in Sources */,
				3F7B9F5C20B6ABCE0080D4C8 /* MovieModel.swift in Sources */,
				3F7B9F5A20B6AB600080D4C8 /* MovieCell.swift in Sources */,
				3F7B9F2A20B6861B0080D4C8 /* AppDelegate.swift in Sources */,
			);
			runOnlyForDeploymentPostprocessing = 0;
		};
		3F7B9F3620B6861D0080D4C8 /* Sources */ = {
			isa = PBXSourcesBuildPhase;
			buildActionMask = 2147483647;
			files = (
				3F7B9F3F20B6861D0080D4C8 /* project1Tests.swift in Sources */,
			);
			runOnlyForDeploymentPostprocessing = 0;
		};
		3F7B9F4120B6861D0080D4C8 /* Sources */ = {
			isa = PBXSourcesBuildPhase;
			buildActionMask = 2147483647;
			files = (
				3F7B9F4A20B6861D0080D4C8 /* project1UITests.swift in Sources */,
			);
			runOnlyForDeploymentPostprocessing = 0;
		};
/* End PBXSourcesBuildPhase section */

/* Begin PBXTargetDependency section */
		3F7B9F3C20B6861D0080D4C8 /* PBXTargetDependency */ = {
			isa = PBXTargetDependency;
			target = 3F7B9F2520B6861B0080D4C8 /* project1 */;
			targetProxy = 3F7B9F3B20B6861D0080D4C8 /* PBXContainerItemProxy */;
		};
		3F7B9F4720B6861D0080D4C8 /* PBXTargetDependency */ = {
			isa = PBXTargetDependency;
			target = 3F7B9F2520B6861B0080D4C8 /* project1 */;
			targetProxy = 3F7B9F4620B6861D0080D4C8 /* PBXContainerItemProxy */;
		};
/* End PBXTargetDependency section */

/* Begin PBXVariantGroup section */
		3F7B9F2D20B6861B0080D4C8 /* Main.storyboard */ = {
			isa = PBXVariantGroup;
			children = (
				3F7B9F2E20B6861B0080D4C8 /* Base */,
			);
			name = Main.storyboard;
			sourceTree = "<group>";
		};
		3F7B9F3220B6861C0080D4C8 /* LaunchScreen.storyboard */ = {
			isa = PBXVariantGroup;
			children = (
				3F7B9F3320B6861C0080D4C8 /* Base */,
			);
			name = LaunchScreen.storyboard;
			sourceTree = "<group>";
		};
/* End PBXVariantGroup section */

/* Begin XCBuildConfiguration section */
		3F7B9F4C20B6861D0080D4C8 /* Debug */ = {
			isa = XCBuildConfiguration;
			buildSettings = {
				ALWAYS_SEARCH_USER_PATHS = NO;
				CLANG_ANALYZER_NONNULL = YES;
				CLANG_ANALYZER_NUMBER_OBJECT_CONVERSION = YES_AGGRESSIVE;
				CLANG_CXX_LANGUAGE_STANDARD = "gnu++14";
				CLANG_CXX_LIBRARY = "libc++";
				CLANG_ENABLE_MODULES = YES;
				CLANG_ENABLE_OBJC_ARC = YES;
				CLANG_ENABLE_OBJC_WEAK = YES;
				CLANG_WARN_BLOCK_CAPTURE_AUTORELEASING = YES;
				CLANG_WARN_BOOL_CONVERSION = YES;
				CLANG_WARN_COMMA = YES;
				CLANG_WARN_CONSTANT_CONVERSION = YES;
				CLANG_WARN_DEPRECATED_OBJC_IMPLEMENTATIONS = YES;
				CLANG_WARN_DIRECT_OBJC_ISA_USAGE = YES_ERROR;
				CLANG_WARN_DOCUMENTATION_COMMENTS = YES;
				CLANG_WARN_EMPTY_BODY = YES;
				CLANG_WARN_ENUM_CONVERSION = YES;
				CLANG_WARN_INFINITE_RECURSION = YES;
				CLANG_WARN_INT_CONVERSION = YES;
				CLANG_WARN_NON_LITERAL_NULL_CONVERSION = YES;
				CLANG_WARN_OBJC_IMPLICIT_RETAIN_SELF = YES;
				CLANG_WARN_OBJC_LITERAL_CONVERSION = YES;
				CLANG_WARN_OBJC_ROOT_CLASS = YES_ERROR;
				CLANG_WARN_RANGE_LOOP_ANALYSIS = YES;
				CLANG_WARN_STRICT_PROTOTYPES = YES;
				CLANG_WARN_SUSPICIOUS_MOVE = YES;
				CLANG_WARN_UNGUARDED_AVAILABILITY = YES_AGGRESSIVE;
				CLANG_WARN_UNREACHABLE_CODE = YES;
				CLANG_WARN__DUPLICATE_METHOD_MATCH = YES;
				CODE_SIGN_IDENTITY = "iPhone Developer";
				COPY_PHASE_STRIP = NO;
				DEBUG_INFORMATION_FORMAT = dwarf;
				ENABLE_STRICT_OBJC_MSGSEND = YES;
				ENABLE_TESTABILITY = YES;
				GCC_C_LANGUAGE_STANDARD = gnu11;
				GCC_DYNAMIC_NO_PIC = NO;
				GCC_NO_COMMON_BLOCKS = YES;
				GCC_OPTIMIZATION_LEVEL = 0;
				GCC_PREPROCESSOR_DEFINITIONS = (
					"DEBUG=1",
					"$(inherited)",
				);
				GCC_WARN_64_TO_32_BIT_CONVERSION = YES;
				GCC_WARN_ABOUT_RETURN_TYPE = YES_ERROR;
				GCC_WARN_UNDECLARED_SELECTOR = YES;
				GCC_WARN_UNINITIALIZED_AUTOS = YES_AGGRESSIVE;
				GCC_WARN_UNUSED_FUNCTION = YES;
				GCC_WARN_UNUSED_VARIABLE = YES;
				IPHONEOS_DEPLOYMENT_TARGET = 11.3;
				MTL_ENABLE_DEBUG_INFO = YES;
				ONLY_ACTIVE_ARCH = YES;
				SDKROOT = iphoneos;
				SWIFT_ACTIVE_COMPILATION_CONDITIONS = DEBUG;
				SWIFT_OPTIMIZATION_LEVEL = "-Onone";
			};
			name = Debug;
		};
		3F7B9F4D20B6861D0080D4C8 /* Release */ = {
			isa = XCBuildConfiguration;
			buildSettings = {
				ALWAYS_SEARCH_USER_PATHS = NO;
				CLANG_ANALYZER_NONNULL = YES;
				CLANG_ANALYZER_NUMBER_OBJECT_CONVERSION = YES_AGGRESSIVE;
				CLANG_CXX_LANGUAGE_STANDARD = "gnu++14";
				CLANG_CXX_LIBRARY = "libc++";
				CLANG_ENABLE_MODULES = YES;
				CLANG_ENABLE_OBJC_ARC = YES;
				CLANG_ENABLE_OBJC_WEAK = YES;
				CLANG_WARN_BLOCK_CAPTURE_AUTORELEASING = YES;
				CLANG_WARN_BOOL_CONVERSION = YES;
				CLANG_WARN_COMMA = YES;
				CLANG_WARN_CONSTANT_CONVERSION = YES;
				CLANG_WARN_DEPRECATED_OBJC_IMPLEMENTATIONS = YES;
				CLANG_WARN_DIRECT_OBJC_ISA_USAGE = YES_ERROR;
				CLANG_WARN_DOCUMENTATION_COMMENTS = YES;
				CLANG_WARN_EMPTY_BODY = YES;
				CLANG_WARN_ENUM_CONVERSION = YES;
				CLANG_WARN_INFINITE_RECURSION = YES;
				CLANG_WARN_INT_CONVERSION = YES;
				CLANG_WARN_NON_LITERAL_NULL_CONVERSION = YES;
				CLANG_WARN_OBJC_IMPLICIT_RETAIN_SELF = YES;
				CLANG_WARN_OBJC_LITERAL_CONVERSION = YES;
				CLANG_WARN_OBJC_ROOT_CLASS = YES_ERROR;
				CLANG_WARN_RANGE_LOOP_ANALYSIS = YES;
				CLANG_WARN_STRICT_PROTOTYPES = YES;
				CLANG_WARN_SUSPICIOUS_MOVE = YES;
				CLANG_WARN_UNGUARDED_AVAILABILITY = YES_AGGRESSIVE;
				CLANG_WARN_UNREACHABLE_CODE = YES;
				CLANG_WARN__DUPLICATE_METHOD_MATCH = YES;
				CODE_SIGN_IDENTITY = "iPhone Developer";
				COPY_PHASE_STRIP = NO;
				DEBUG_INFORMATION_FORMAT = "dwarf-with-dsym";
				ENABLE_NS_ASSERTIONS = NO;
				ENABLE_STRICT_OBJC_MSGSEND = YES;
				GCC_C_LANGUAGE_STANDARD = gnu11;
				GCC_NO_COMMON_BLOCKS = YES;
				GCC_WARN_64_TO_32_BIT_CONVERSION = YES;
				GCC_WARN_ABOUT_RETURN_TYPE = YES_ERROR;
				GCC_WARN_UNDECLARED_SELECTOR = YES;
				GCC_WARN_UNINITIALIZED_AUTOS = YES_AGGRESSIVE;
				GCC_WARN_UNUSED_FUNCTION = YES;
				GCC_WARN_UNUSED_VARIABLE = YES;
				IPHONEOS_DEPLOYMENT_TARGET = 11.3;
				MTL_ENABLE_DEBUG_INFO = NO;
				SDKROOT = iphoneos;
				SWIFT_COMPILATION_MODE = wholemodule;
				SWIFT_OPTIMIZATION_LEVEL = "-O";
				VALIDATE_PRODUCT = YES;
			};
			name = Release;
		};
		3F7B9F4F20B6861D0080D4C8 /* Debug */ = {
			isa = XCBuildConfiguration;
			buildSettings = {
				ASSETCATALOG_COMPILER_APPICON_NAME = AppIcon;
				CODE_SIGN_STYLE = Automatic;
				INFOPLIST_FILE = project1/Info.plist;
				LD_RUNPATH_SEARCH_PATHS = (
					"$(inherited)",
					"@executable_path/Frameworks",
				);
				PRODUCT_BUNDLE_IDENTIFIER = test.project1;
				PRODUCT_NAME = "$(TARGET_NAME)";
				SWIFT_VERSION = 4.0;
				TARGETED_DEVICE_FAMILY = "1,2";
			};
			name = Debug;
		};
		3F7B9F5020B6861D0080D4C8 /* Release */ = {
			isa = XCBuildConfiguration;
			buildSettings = {
				ASSETCATALOG_COMPILER_APPICON_NAME = AppIcon;
				CODE_SIGN_STYLE = Automatic;
				INFOPLIST_FILE = project1/Info.plist;
				LD_RUNPATH_SEARCH_PATHS = (
					"$(inherited)",
					"@executable_path/Frameworks",
				);
				PRODUCT_BUNDLE_IDENTIFIER = test.project1;
				PRODUCT_NAME = "$(TARGET_NAME)";
				SWIFT_VERSION = 4.0;
				TARGETED_DEVICE_FAMILY = "1,2";
			};
			name = Release;
		};
		3F7B9F5220B6861D0080D4C8 /* Debug */ = {
			isa = XCBuildConfiguration;
			buildSettings = {
				ALWAYS_EMBED_SWIFT_STANDARD_LIBRARIES = YES;
				BUNDLE_LOADER = "$(TEST_HOST)";
				CODE_SIGN_STYLE = Automatic;
				INFOPLIST_FILE = project1Tests/Info.plist;
				LD_RUNPATH_SEARCH_PATHS = (
					"$(inherited)",
					"@executable_path/Frameworks",
					"@loader_path/Frameworks",
				);
				PRODUCT_BUNDLE_IDENTIFIER = test.project1Tests;
				PRODUCT_NAME = "$(TARGET_NAME)";
				SWIFT_VERSION = 4.0;
				TARGETED_DEVICE_FAMILY = "1,2";
				TEST_HOST = "$(BUILT_PRODUCTS_DIR)/project1.app/project1";
			};
			name = Debug;
		};
		3F7B9F5320B6861D0080D4C8 /* Release */ = {
			isa = XCBuildConfiguration;
			buildSettings = {
				ALWAYS_EMBED_SWIFT_STANDARD_LIBRARIES = YES;
				BUNDLE_LOADER = "$(TEST_HOST)";
				CODE_SIGN_STYLE = Automatic;
				INFOPLIST_FILE = project1Tests/Info.plist;
				LD_RUNPATH_SEARCH_PATHS = (
					"$(inherited)",
					"@executable_path/Frameworks",
					"@loader_path/Frameworks",
				);
				PRODUCT_BUNDLE_IDENTIFIER = test.project1Tests;
				PRODUCT_NAME = "$(TARGET_NAME)";
				SWIFT_VERSION = 4.0;
				TARGETED_DEVICE_FAMILY = "1,2";
				TEST_HOST = "$(BUILT_PRODUCTS_DIR)/project1.app/project1";
			};
			name = Release;
		};
		3F7B9F5520B6861D0080D4C8 /* Debug */ = {
			isa = XCBuildConfiguration;
			buildSettings = {
				ALWAYS_EMBED_SWIFT_STANDARD_LIBRARIES = YES;
				CODE_SIGN_STYLE = Automatic;
				INFOPLIST_FILE = project1UITests/Info.plist;
				LD_RUNPATH_SEARCH_PATHS = (
					"$(inherited)",
					"@executable_path/Frameworks",
					"@loader_path/Frameworks",
				);
				PRODUCT_BUNDLE_IDENTIFIER = test.project1UITests;
				PRODUCT_NAME = "$(TARGET_NAME)";
				SWIFT_VERSION = 4.0;
				TARGETED_DEVICE_FAMILY = "1,2";
				TEST_TARGET_NAME = project1;
			};
			name = Debug;
		};
		3F7B9F5620B6861D0080D4C8 /* Release */ = {
			isa = XCBuildConfiguration;
			buildSettings = {
				ALWAYS_EMBED_SWIFT_STANDARD_LIBRARIES = YES;
				CODE_SIGN_STYLE = Automatic;
				INFOPLIST_FILE = project1UITests/Info.plist;
				LD_RUNPATH_SEARCH_PATHS = (
					"$(inherited)",
					"@executable_path/Frameworks",
					"@loader_path/Frameworks",
				);
				PRODUCT_BUNDLE_IDENTIFIER = test.project1UITests;
				PRODUCT_NAME = "$(TARGET_NAME)";
				SWIFT_VERSION = 4.0;
				TARGETED_DEVICE_FAMILY = "1,2";
				TEST_TARGET_NAME = project1;
			};
			name = Release;
		};
/* End XCBuildConfiguration section */

/* Begin XCConfigurationList section */
		3F7B9F2120B6861B0080D4C8 /* Build configuration list for PBXProject "project1" */ = {
			isa = XCConfigurationList;
			buildConfigurations = (
				3F7B9F4C20B6861D0080D4C8 /* Debug */,
				3F7B9F4D20B6861D0080D4C8 /* Release */,
			);
			defaultConfigurationIsVisible = 0;
			defaultConfigurationName = Release;
		};
		3F7B9F4E20B6861D0080D4C8 /* Build configuration list for PBXNativeTarget "project1" */ = {
			isa = XCConfigurationList;
			buildConfigurations = (
				3F7B9F4F20B6861D0080D4C8 /* Debug */,
				3F7B9F5020B6861D0080D4C8 /* Release */,
			);
			defaultConfigurationIsVisible = 0;
			defaultConfigurationName = Release;
		};
		3F7B9F5120B6861D0080D4C8 /* Build configuration list for PBXNativeTarget "project1Tests" */ = {
			isa = XCConfigurationList;
			buildConfigurations = (
				3F7B9F5220B6861D0080D4C8 /* Debug */,
				3F7B9F5320B6861D0080D4C8 /* Release */,
			);
			defaultConfigurationIsVisible = 0;
			defaultConfigurationName = Release;
		};
		3F7B9F5420B6861D0080D4C8 /* Build configuration list for PBXNativeTarget "project1UITests" */ = {
			isa = XCConfigurationList;
			buildConfigurations = (
				3F7B9F5520B6861D0080D4C8 /* Debug */,
				3F7B9F5620B6861D0080D4C8 /* Release */,
			);
			defaultConfigurationIsVisible = 0;
			defaultConfigurationName = Release;
		};
/* End XCConfigurationList section */
	};
	rootObject = 3F7B9F1E20B6861B0080D4C8 /* Project object */;
}
