// !$*UTF8*$!
{
	archiveVersion = 1;
	classes = {
	};
	objectVersion = 50;
	objects = {

/* Begin PBXBuildFile section */
		BA6AAC622233B5AA0026BC38 /* AppDelegate.swift in Sources */ = {isa = PBXBuildFile; fileRef = BA6AAC612233B5AA0026BC38 /* AppDelegate.swift */; };
		BA6AAC642233B5AA0026BC38 /* ViewController.swift in Sources */ = {isa = PBXBuildFile; fileRef = BA6AAC632233B5AA0026BC38 /* ViewController.swift */; };
		BA6AAC672233B5AA0026BC38 /* Main.storyboard in Resources */ = {isa = PBXBuildFile; fileRef = BA6AAC652233B5AA0026BC38 /* Main.storyboard */; };
		BA6AAC692233B5AB0026BC38 /* Assets.xcassets in Resources */ = {isa = PBXBuildFile; fileRef = BA6AAC682233B5AB0026BC38 /* Assets.xcassets */; };
		BA6AAC6C2233B5AB0026BC38 /* LaunchScreen.storyboard in Resources */ = {isa = PBXBuildFile; fileRef = BA6AAC6A2233B5AB0026BC38 /* LaunchScreen.storyboard */; };
		BA6AAC742233B7A60026BC38 /* GameViewController.swift in Sources */ = {isa = PBXBuildFile; fileRef = BA6AAC732233B7A60026BC38 /* GameViewController.swift */; };
/* End PBXBuildFile section */

/* Begin PBXFileReference section */
		BA6AAC5E2233B5AA0026BC38 /* GuessMe.app */ = {isa = PBXFileReference; explicitFileType = wrapper.application; includeInIndex = 0; path = GuessMe.app; sourceTree = BUILT_PRODUCTS_DIR; };
		BA6AAC612233B5AA0026BC38 /* AppDelegate.swift */ = {isa = PBXFileReference; lastKnownFileType = sourcecode.swift; path = AppDelegate.swift; sourceTree = "<group>"; };
		BA6AAC632233B5AA0026BC38 /* ViewController.swift */ = {isa = PBXFileReference; lastKnownFileType = sourcecode.swift; path = ViewController.swift; sourceTree = "<group>"; };
		BA6AAC662233B5AA0026BC38 /* Base */ = {isa = PBXFileReference; lastKnownFileType = file.storyboard; name = Base; path = Base.lproj/Main.storyboard; sourceTree = "<group>"; };
		BA6AAC682233B5AB0026BC38 /* Assets.xcassets */ = {isa = PBXFileReference; lastKnownFileType = folder.assetcatalog; path = Assets.xcassets; sourceTree = "<group>"; };
		BA6AAC6B2233B5AB0026BC38 /* Base */ = {isa = PBXFileReference; lastKnownFileType = file.storyboard; name = Base; path = Base.lproj/LaunchScreen.storyboard; sourceTree = "<group>"; };
		BA6AAC6D2233B5AB0026BC38 /* Info.plist */ = {isa = PBXFileReference; lastKnownFileType = text.plist.xml; path = Info.plist; sourceTree = "<group>"; };
		BA6AAC732233B7A60026BC38 /* GameViewController.swift */ = {isa = PBXFileReference; lastKnownFileType = sourcecode.swift; path = GameViewController.swift; sourceTree = "<group>"; };
/* End PBXFileReference section */

/* Begin PBXFrameworksBuildPhase section */
		BA6AAC5B2233B5AA0026BC38 /* Frameworks */ = {
			isa = PBXFrameworksBuildPhase;
			buildActionMask = 2147483647;
			files = (
			);
			runOnlyForDeploymentPostprocessing = 0;
		};
/* End PBXFrameworksBuildPhase section */

/* Begin PBXGroup section */
		BA6AAC552233B5AA0026BC38 = {
			isa = PBXGroup;
			children = (
				BA6AAC602233B5AA0026BC38 /* GuessMe */,
				BA6AAC5F2233B5AA0026BC38 /* Products */,
			);
			sourceTree = "<group>";
		};
		BA6AAC5F2233B5AA0026BC38 /* Products */ = {
			isa = PBXGroup;
			children = (
				BA6AAC5E2233B5AA0026BC38 /* GuessMe.app */,
			);
			name = Products;
			sourceTree = "<group>";
		};
		BA6AAC602233B5AA0026BC38 /* GuessMe */ = {
			isa = PBXGroup;
			children = (
				BA6AAC612233B5AA0026BC38 /* AppDelegate.swift */,
				BA6AAC632233B5AA0026BC38 /* ViewController.swift */,
				BA6AAC732233B7A60026BC38 /* GameViewController.swift */,
				BA6AAC652233B5AA0026BC38 /* Main.storyboard */,
				BA6AAC682233B5AB0026BC38 /* Assets.xcassets */,
				BA6AAC6A2233B5AB0026BC38 /* LaunchScreen.storyboard */,
				BA6AAC6D2233B5AB0026BC38 /* Info.plist */,
			);
			path = GuessMe;
			sourceTree = "<group>";
		};
/* End PBXGroup section */

/* Begin PBXNativeTarget section */
		BA6AAC5D2233B5AA0026BC38 /* GuessMe */ = {
			isa = PBXNativeTarget;
			buildConfigurationList = BA6AAC702233B5AB0026BC38 /* Build configuration list for PBXNativeTarget "GuessMe" */;
			buildPhases = (
				BA6AAC5A2233B5AA0026BC38 /* Sources */,
				BA6AAC5B2233B5AA0026BC38 /* Frameworks */,
				BA6AAC5C2233B5AA0026BC38 /* Resources */,
			);
			buildRules = (
			);
			dependencies = (
			);
			name = GuessMe;
			productName = GuessMe;
			productReference = BA6AAC5E2233B5AA0026BC38 /* GuessMe.app */;
			productType = "com.apple.product-type.application";
		};
/* End PBXNativeTarget section */

/* Begin PBXProject section */
		BA6AAC562233B5AA0026BC38 /* Project object */ = {
			isa = PBXProject;
			attributes = {
				LastSwiftUpdateCheck = 1010;
				LastUpgradeCheck = 1010;
				ORGANIZATIONNAME = "Patcharapon Joksamut";
				TargetAttributes = {
					BA6AAC5D2233B5AA0026BC38 = {
						CreatedOnToolsVersion = 10.1;
					};
				};
			};
			buildConfigurationList = BA6AAC592233B5AA0026BC38 /* Build configuration list for PBXProject "GuessMe" */;
			compatibilityVersion = "Xcode 9.3";
			developmentRegion = en;
			hasScannedForEncodings = 0;
			knownRegions = (
				en,
				Base,
			);
			mainGroup = BA6AAC552233B5AA0026BC38;
			productRefGroup = BA6AAC5F2233B5AA0026BC38 /* Products */;
			projectDirPath = "";
			projectRoot = "";
			targets = (
				BA6AAC5D2233B5AA0026BC38 /* GuessMe */,
			);
		};
/* End PBXProject section */

/* Begin PBXResourcesBuildPhase section */
		BA6AAC5C2233B5AA0026BC38 /* Resources */ = {
			isa = PBXResourcesBuildPhase;
			buildActionMask = 2147483647;
			files = (
				BA6AAC6C2233B5AB0026BC38 /* LaunchScreen.storyboard in Resources */,
				BA6AAC692233B5AB0026BC38 /* Assets.xcassets in Resources */,
				BA6AAC672233B5AA0026BC38 /* Main.storyboard in Resources */,
			);
			runOnlyForDeploymentPostprocessing = 0;
		};
/* End PBXResourcesBuildPhase section */

/* Begin PBXSourcesBuildPhase section */
		BA6AAC5A2233B5AA0026BC38 /* Sources */ = {
			isa = PBXSourcesBuildPhase;
			buildActionMask = 2147483647;
			files = (
				BA6AAC642233B5AA0026BC38 /* ViewController.swift in Sources */,
				BA6AAC742233B7A60026BC38 /* GameViewController.swift in Sources */,
				BA6AAC622233B5AA0026BC38 /* AppDelegate.swift in Sources */,
			);
			runOnlyForDeploymentPostprocessing = 0;
		};
/* End PBXSourcesBuildPhase section */

/* Begin PBXVariantGroup section */
		BA6AAC652233B5AA0026BC38 /* Main.storyboard */ = {
			isa = PBXVariantGroup;
			children = (
				BA6AAC662233B5AA0026BC38 /* Base */,
			);
			name = Main.storyboard;
			sourceTree = "<group>";
		};
		BA6AAC6A2233B5AB0026BC38 /* LaunchScreen.storyboard */ = {
			isa = PBXVariantGroup;
			children = (
				BA6AAC6B2233B5AB0026BC38 /* Base */,
			);
			name = LaunchScreen.storyboard;
			sourceTree = "<group>";
		};
/* End PBXVariantGroup section */

/* Begin XCBuildConfiguration section */
		BA6AAC6E2233B5AB0026BC38 /* Debug */ = {
			isa = XCBuildConfiguration;
			buildSettings = {
				ALWAYS_SEARCH_USER_PATHS = NO;
				CLANG_ANALYZER_NONNULL = YES;
				CLANG_ANALYZER_NUMBER_OBJECT_CONVERSION = YES_AGGRESSIVE;
				CLANG_CXX_LANGUAGE_STANDARD = "gnu++14";
				CLANG_CXX_LIBRARY = "libc++";
				CLANG_ENABLE_MODULES = YES;
				CLANG_ENABLE_OBJC_ARC = YES;
				CLANG_ENABLE_OBJC_WEAK = YES;
				CLANG_WARN_BLOCK_CAPTURE_AUTORELEASING = YES;
				CLANG_WARN_BOOL_CONVERSION = YES;
				CLANG_WARN_COMMA = YES;
				CLANG_WARN_CONSTANT_CONVERSION = YES;
				CLANG_WARN_DEPRECATED_OBJC_IMPLEMENTATIONS = YES;
				CLANG_WARN_DIRECT_OBJC_ISA_USAGE = YES_ERROR;
				CLANG_WARN_DOCUMENTATION_COMMENTS = YES;
				CLANG_WARN_EMPTY_BODY = YES;
				CLANG_WARN_ENUM_CONVERSION = YES;
				CLANG_WARN_INFINITE_RECURSION = YES;
				CLANG_WARN_INT_CONVERSION = YES;
				CLANG_WARN_NON_LITERAL_NULL_CONVERSION = YES;
				CLANG_WARN_OBJC_IMPLICIT_RETAIN_SELF = YES;
				CLANG_WARN_OBJC_LITERAL_CONVERSION = YES;
				CLANG_WARN_OBJC_ROOT_CLASS = YES_ERROR;
				CLANG_WARN_RANGE_LOOP_ANALYSIS = YES;
				CLANG_WARN_STRICT_PROTOTYPES = YES;
				CLANG_WARN_SUSPICIOUS_MOVE = YES;
				CLANG_WARN_UNGUARDED_AVAILABILITY = YES_AGGRESSIVE;
				CLANG_WARN_UNREACHABLE_CODE = YES;
				CLANG_WARN__DUPLICATE_METHOD_MATCH = YES;
				CODE_SIGN_IDENTITY = "iPhone Developer";
				COPY_PHASE_STRIP = NO;
				DEBUG_INFORMATION_FORMAT = dwarf;
				ENABLE_STRICT_OBJC_MSGSEND = YES;
				ENABLE_TESTABILITY = YES;
				GCC_C_LANGUAGE_STANDARD = gnu11;
				GCC_DYNAMIC_NO_PIC = NO;
				GCC_NO_COMMON_BLOCKS = YES;
				GCC_OPTIMIZATION_LEVEL = 0;
				GCC_PREPROCESSOR_DEFINITIONS = (
					"DEBUG=1",
					"$(inherited)",
				);
				GCC_WARN_64_TO_32_BIT_CONVERSION = YES;
				GCC_WARN_ABOUT_RETURN_TYPE = YES_ERROR;
				GCC_WARN_UNDECLARED_SELECTOR = YES;
				GCC_WARN_UNINITIALIZED_AUTOS = YES_AGGRESSIVE;
				GCC_WARN_UNUSED_FUNCTION = YES;
				GCC_WARN_UNUSED_VARIABLE = YES;
				IPHONEOS_DEPLOYMENT_TARGET = 12.1;
				MTL_ENABLE_DEBUG_INFO = INCLUDE_SOURCE;
				MTL_FAST_MATH = YES;
				ONLY_ACTIVE_ARCH = YES;
				SDKROOT = iphoneos;
				SWIFT_ACTIVE_COMPILATION_CONDITIONS = DEBUG;
				SWIFT_OPTIMIZATION_LEVEL = "-Onone";
			};
			name = Debug;
		};
		BA6AAC6F2233B5AB0026BC38 /* Release */ = {
			isa = XCBuildConfiguration;
			buildSettings = {
				ALWAYS_SEARCH_USER_PATHS = NO;
				CLANG_ANALYZER_NONNULL = YES;
				CLANG_ANALYZER_NUMBER_OBJECT_CONVERSION = YES_AGGRESSIVE;
				CLANG_CXX_LANGUAGE_STANDARD = "gnu++14";
				CLANG_CXX_LIBRARY = "libc++";
				CLANG_ENABLE_MODULES = YES;
				CLANG_ENABLE_OBJC_ARC = YES;
				CLANG_ENABLE_OBJC_WEAK = YES;
				CLANG_WARN_BLOCK_CAPTURE_AUTORELEASING = YES;
				CLANG_WARN_BOOL_CONVERSION = YES;
				CLANG_WARN_COMMA = YES;
				CLANG_WARN_CONSTANT_CONVERSION = YES;
				CLANG_WARN_DEPRECATED_OBJC_IMPLEMENTATIONS = YES;
				CLANG_WARN_DIRECT_OBJC_ISA_USAGE = YES_ERROR;
				CLANG_WARN_DOCUMENTATION_COMMENTS = YES;
				CLANG_WARN_EMPTY_BODY = YES;
				CLANG_WARN_ENUM_CONVERSION = YES;
				CLANG_WARN_INFINITE_RECURSION = YES;
				CLANG_WARN_INT_CONVERSION = YES;
				CLANG_WARN_NON_LITERAL_NULL_CONVERSION = YES;
				CLANG_WARN_OBJC_IMPLICIT_RETAIN_SELF = YES;
				CLANG_WARN_OBJC_LITERAL_CONVERSION = YES;
				CLANG_WARN_OBJC_ROOT_CLASS = YES_ERROR;
				CLANG_WARN_RANGE_LOOP_ANALYSIS = YES;
				CLANG_WARN_STRICT_PROTOTYPES = YES;
				CLANG_WARN_SUSPICIOUS_MOVE = YES;
				CLANG_WARN_UNGUARDED_AVAILABILITY = YES_AGGRESSIVE;
				CLANG_WARN_UNREACHABLE_CODE = YES;
				CLANG_WARN__DUPLICATE_METHOD_MATCH = YES;
				CODE_SIGN_IDENTITY = "iPhone Developer";
				COPY_PHASE_STRIP = NO;
				DEBUG_INFORMATION_FORMAT = "dwarf-with-dsym";
				ENABLE_NS_ASSERTIONS = NO;
				ENABLE_STRICT_OBJC_MSGSEND = YES;
				GCC_C_LANGUAGE_STANDARD = gnu11;
				GCC_NO_COMMON_BLOCKS = YES;
				GCC_WARN_64_TO_32_BIT_CONVERSION = YES;
				GCC_WARN_ABOUT_RETURN_TYPE = YES_ERROR;
				GCC_WARN_UNDECLARED_SELECTOR = YES;
				GCC_WARN_UNINITIALIZED_AUTOS = YES_AGGRESSIVE;
				GCC_WARN_UNUSED_FUNCTION = YES;
				GCC_WARN_UNUSED_VARIABLE = YES;
				IPHONEOS_DEPLOYMENT_TARGET = 12.1;
				MTL_ENABLE_DEBUG_INFO = NO;
				MTL_FAST_MATH = YES;
				SDKROOT = iphoneos;
				SWIFT_COMPILATION_MODE = wholemodule;
				SWIFT_OPTIMIZATION_LEVEL = "-O";
				VALIDATE_PRODUCT = YES;
			};
			name = Release;
		};
		BA6AAC712233B5AB0026BC38 /* Debug */ = {
			isa = XCBuildConfiguration;
			buildSettings = {
				ASSETCATALOG_COMPILER_APPICON_NAME = AppIcon;
				CODE_SIGN_STYLE = Automatic;
				DEVELOPMENT_TEAM = 72F9L67UM9;
				INFOPLIST_FILE = GuessMe/Info.plist;
				LD_RUNPATH_SEARCH_PATHS = (
					"$(inherited)",
					"@executable_path/Frameworks",
				);
				PRODUCT_BUNDLE_IDENTIFIER = "nox-studio.GuessMe";
				PRODUCT_NAME = "$(TARGET_NAME)";
				SWIFT_VERSION = 4.2;
				TARGETED_DEVICE_FAMILY = "1,2";
			};
			name = Debug;
		};
		BA6AAC722233B5AB0026BC38 /* Release */ = {
			isa = XCBuildConfiguration;
			buildSettings = {
				ASSETCATALOG_COMPILER_APPICON_NAME = AppIcon;
				CODE_SIGN_STYLE = Automatic;
				DEVELOPMENT_TEAM = 72F9L67UM9;
				INFOPLIST_FILE = GuessMe/Info.plist;
				LD_RUNPATH_SEARCH_PATHS = (
					"$(inherited)",
					"@executable_path/Frameworks",
				);
				PRODUCT_BUNDLE_IDENTIFIER = "nox-studio.GuessMe";
				PRODUCT_NAME = "$(TARGET_NAME)";
				SWIFT_VERSION = 4.2;
				TARGETED_DEVICE_FAMILY = "1,2";
			};
			name = Release;
		};
/* End XCBuildConfiguration section */

/* Begin XCConfigurationList section */
		BA6AAC592233B5AA0026BC38 /* Build configuration list for PBXProject "GuessMe" */ = {
			isa = XCConfigurationList;
			buildConfigurations = (
				BA6AAC6E2233B5AB0026BC38 /* Debug */,
				BA6AAC6F2233B5AB0026BC38 /* Release */,
			);
			defaultConfigurationIsVisible = 0;
			defaultConfigurationName = Release;
		};
		BA6AAC702233B5AB0026BC38 /* Build configuration list for PBXNativeTarget "GuessMe" */ = {
			isa = XCConfigurationList;
			buildConfigurations = (
				BA6AAC712233B5AB0026BC38 /* Debug */,
				BA6AAC722233B5AB0026BC38 /* Release */,
			);
			defaultConfigurationIsVisible = 0;
			defaultConfigurationName = Release;
		};
/* End XCConfigurationList section */
	};
	rootObject = BA6AAC562233B5AA0026BC38 /* Project object */;
}
